
Microsoft Visual Studio Solution File, Format Version 11.00
# Visual Studio 2010
Project("{FAE04EC0-301F-11D3-BF4B-00C04F79EFBC}") = "RouteByBody", "RouteByBody\RouteByBody.csproj", "{FF5756B4-CD0E-4B75-A330-E3AF2D10CE82}"
EndProject
Global
	GlobalSection(SolutionConfigurationPlatforms) = preSolution
		Debug|Any CPU = Debug|Any CPU
		Release|Any CPU = Release|Any CPU
	EndGlobalSection
	GlobalSection(ProjectConfigurationPlatforms) = postSolution
		{FF5756B4-CD0E-4B75-A330-E3AF2D10CE82}.Debug|Any CPU.ActiveCfg = Debug|Any CPU
		{FF5756B4-CD0E-4B75-A330-E3AF2D10CE82}.Debug|Any CPU.Build.0 = Debug|Any CPU
		{FF5756B4-CD0E-4B75-A330-E3AF2D10CE82}.Release|Any CPU.ActiveCfg = Release|Any CPU
		{FF5756B4-CD0E-4B75-A330-E3AF2D10CE82}.Release|Any CPU.Build.0 = Release|Any CPU
	EndGlobalSection
	GlobalSection(SolutionProperties) = preSolution
		HideSolutionNode = FALSE
	EndGlobalSection
EndGlobal
